
Microsoft Visual Studio Solution File, Format Version 12.00
# Visual Studio Version 17
VisualStudioVersion = 17.4.33213.308
MinimumVisualStudioVersion = 10.0.40219.1
Project("{FAE04EC0-301F-11D3-BF4B-00C04F79EFBC}") = "ExportSettings", "ExportSettings.csproj", "{ACD6A8EE-FDE7-4B00-A40D-197A0E044D07}"
EndProject
Global
	GlobalSection(SolutionConfigurationPlatforms) = preSolution
		Debug|Any CPU = Debug|Any CPU
		Release|Any CPU = Release|Any CPU
	EndGlobalSection
	GlobalSection(ProjectConfigurationPlatforms) = postSolution
		{ACD6A8EE-FDE7-4B00-A40D-197A0E044D07}.Debug|Any CPU.ActiveCfg = Debug|Any CPU
		{ACD6A8EE-FDE7-4B00-A40D-197A0E044D07}.Debug|Any CPU.Build.0 = Debug|Any CPU
		{ACD6A8EE-FDE7-4B00-A40D-197A0E044D07}.Release|Any CPU.ActiveCfg = Release|Any CPU
		{ACD6A8EE-FDE7-4B00-A40D-197A0E044D07}.Release|Any CPU.Build.0 = Release|Any CPU
	EndGlobalSection
	GlobalSection(SolutionProperties) = preSolution
		HideSolutionNode = FALSE
	EndGlobalSection
	GlobalSection(ExtensibilityGlobals) = postSolution
		SolutionGuid = {D9C7163D-5851-4198-8055-710B166B4517}
	EndGlobalSection
EndGlobal
